
Microsoft Visual Studio Solution File, Format Version 12.00
# Visual Studio Version 16
VisualStudioVersion = 16.0.29306.81
MinimumVisualStudioVersion = 10.0.40219.1
Project("{8BC9CEB8-8B4A-11D0-8D11-00A0C91BC942}") = "Platformer", "Platformer\Platformer.vcxproj", "{8D14683E-6897-4F68-947E-BF6214F1BEF1}"
EndProject
Project("{8BC9CEB8-8B4A-11D0-8D11-00A0C91BC942}") = "Engine", "Engine\Engine.vcxproj", "{A1A164C4-133C-49F5-801A-144E3F2AC53C}"
EndProject
Global
	GlobalSection(SolutionConfigurationPlatforms) = preSolution
		Debug|x64 = Debug|x64
		Release|x64 = Release|x64
	EndGlobalSection
	GlobalSection(ProjectConfigurationPlatforms) = postSolution
		{8D14683E-6897-4F68-947E-BF6214F1BEF1}.Debug|x64.ActiveCfg = Debug|x64
		{8D14683E-6897-4F68-947E-BF6214F1BEF1}.Debug|x64.Build.0 = Debug|x64
		{8D14683E-6897-4F68-947E-BF6214F1BEF1}.Release|x64.ActiveCfg = Debug|x64
		{8D14683E-6897-4F68-947E-BF6214F1BEF1}.Release|x64.Build.0 = Debug|x64
		{A1A164C4-133C-49F5-801A-144E3F2AC53C}.Debug|x64.ActiveCfg = Debug|x64
		{A1A164C4-133C-49F5-801A-144E3F2AC53C}.Debug|x64.Build.0 = Debug|x64
		{A1A164C4-133C-49F5-801A-144E3F2AC53C}.Release|x64.ActiveCfg = Debug|x64
		{A1A164C4-133C-49F5-801A-144E3F2AC53C}.Release|x64.Build.0 = Debug|x64
	EndGlobalSection
	GlobalSection(SolutionProperties) = preSolution
		HideSolutionNode = FALSE
	EndGlobalSection
	GlobalSection(ExtensibilityGlobals) = postSolution
		SolutionGuid = {4925C194-A370-4C36-AFFF-77B0FE98F39B}
	EndGlobalSection
EndGlobal
